
Microsoft Visual Studio Solution File, Format Version 12.00
# Visual Studio Version 17
VisualStudioVersion = 17.9.34723.18
MinimumVisualStudioVersion = 10.0.40219.1
Project("{FAE04EC0-301F-11D3-BF4B-00C04F79EFBC}") = "Fedorov_PR-33_prackt4_OKFCS", "Fedorov_PR-33_prackt4_OKFCS\Fedorov_PR-33_prackt4_OKFCS.csproj", "{7B8820AC-DEBE-4BC2-8F2C-719D2659550F}"
EndProject
Global
	GlobalSection(SolutionConfigurationPlatforms) = preSolution
		Debug|Any CPU = Debug|Any CPU
		Release|Any CPU = Release|Any CPU
	EndGlobalSection
	GlobalSection(ProjectConfigurationPlatforms) = postSolution
		{7B8820AC-DEBE-4BC2-8F2C-719D2659550F}.Debug|Any CPU.ActiveCfg = Debug|Any CPU
		{7B8820AC-DEBE-4BC2-8F2C-719D2659550F}.Debug|Any CPU.Build.0 = Debug|Any CPU
		{7B8820AC-DEBE-4BC2-8F2C-719D2659550F}.Release|Any CPU.ActiveCfg = Release|Any CPU
		{7B8820AC-DEBE-4BC2-8F2C-719D2659550F}.Release|Any CPU.Build.0 = Release|Any CPU
	EndGlobalSection
	GlobalSection(SolutionProperties) = preSolution
		HideSolutionNode = FALSE
	EndGlobalSection
	GlobalSection(ExtensibilityGlobals) = postSolution
		SolutionGuid = {BC061E4C-5198-4035-8FFA-6473E2FB44AE}
	EndGlobalSection
EndGlobal
